
Microsoft Visual Studio Solution File, Format Version 12.00
# Visual Studio Version 17
VisualStudioVersion = 17.10.35027.167
MinimumVisualStudioVersion = 10.0.40219.1
Project("{FAE04EC0-301F-11D3-BF4B-00C04F79EFBC}") = "StepBro.Workbench", "StepBro.Workbench.csproj", "{B37FD33C-0BB9-49FF-9380-9F73E1D437BE}"
EndProject
Global
	GlobalSection(SolutionConfigurationPlatforms) = preSolution
		Debug|Any CPU = Debug|Any CPU
		Release|Any CPU = Release|Any CPU
	EndGlobalSection
	GlobalSection(ProjectConfigurationPlatforms) = postSolution
		{B37FD33C-0BB9-49FF-9380-9F73E1D437BE}.Debug|Any CPU.ActiveCfg = Debug|Any CPU
		{B37FD33C-0BB9-49FF-9380-9F73E1D437BE}.Debug|Any CPU.Build.0 = Debug|Any CPU
		{B37FD33C-0BB9-49FF-9380-9F73E1D437BE}.Release|Any CPU.ActiveCfg = Release|Any CPU
		{B37FD33C-0BB9-49FF-9380-9F73E1D437BE}.Release|Any CPU.Build.0 = Release|Any CPU
	EndGlobalSection
	GlobalSection(SolutionProperties) = preSolution
		HideSolutionNode = FALSE
	EndGlobalSection
	GlobalSection(ExtensibilityGlobals) = postSolution
		SolutionGuid = {502E787F-0D75-4848-BBE4-6C0161AB34C1}
	EndGlobalSection
EndGlobal
