
Microsoft Visual Studio Solution File, Format Version 12.00
# Visual Studio Version 17
VisualStudioVersion = 17.12.35506.116
MinimumVisualStudioVersion = 10.0.40219.1
Project("{FAE04EC0-301F-11D3-BF4B-00C04F79EFBC}") = "StepBro.Workbench.WPF5", "StepBro.Workbench.WPF5.csproj", "{D6BA517E-ABD5-43E4-9940-4690FC5BBB7C}"
EndProject
Project("{FAE04EC0-301F-11D3-BF4B-00C04F79EFBC}") = "StepBro.UI", "..\StepBro.UI\StepBro.UI.csproj", "{A39E1FF4-3304-4377-BB2F-A9D2026D8422}"
EndProject
Project("{FAE04EC0-301F-11D3-BF4B-00C04F79EFBC}") = "StepBro.UI.UnitTest", "..\Test\StepBro.UI.UnitTest\StepBro.UI.UnitTest.csproj", "{E3C0418C-BC68-40B8-B10C-CAFB692C622E}"
EndProject
Project("{FAE04EC0-301F-11D3-BF4B-00C04F79EFBC}") = "StepBro.Workbench.Test5", "..\Test\StepBro.Workbench.Test\StepBro.Workbench.Test5.csproj", "{208114C1-8010-4230-B13D-F88A9D40E1C4}"
EndProject
Global
	GlobalSection(SolutionConfigurationPlatforms) = preSolution
		Debug|Any CPU = Debug|Any CPU
		Release|Any CPU = Release|Any CPU
	EndGlobalSection
	GlobalSection(ProjectConfigurationPlatforms) = postSolution
		{D6BA517E-ABD5-43E4-9940-4690FC5BBB7C}.Debug|Any CPU.ActiveCfg = Debug|Any CPU
		{D6BA517E-ABD5-43E4-9940-4690FC5BBB7C}.Debug|Any CPU.Build.0 = Debug|Any CPU
		{D6BA517E-ABD5-43E4-9940-4690FC5BBB7C}.Release|Any CPU.ActiveCfg = Release|Any CPU
		{D6BA517E-ABD5-43E4-9940-4690FC5BBB7C}.Release|Any CPU.Build.0 = Release|Any CPU
		{A39E1FF4-3304-4377-BB2F-A9D2026D8422}.Debug|Any CPU.ActiveCfg = Debug|Any CPU
		{A39E1FF4-3304-4377-BB2F-A9D2026D8422}.Debug|Any CPU.Build.0 = Debug|Any CPU
		{A39E1FF4-3304-4377-BB2F-A9D2026D8422}.Release|Any CPU.ActiveCfg = Release|Any CPU
		{A39E1FF4-3304-4377-BB2F-A9D2026D8422}.Release|Any CPU.Build.0 = Release|Any CPU
		{E3C0418C-BC68-40B8-B10C-CAFB692C622E}.Debug|Any CPU.ActiveCfg = Debug|Any CPU
		{E3C0418C-BC68-40B8-B10C-CAFB692C622E}.Debug|Any CPU.Build.0 = Debug|Any CPU
		{E3C0418C-BC68-40B8-B10C-CAFB692C622E}.Release|Any CPU.ActiveCfg = Release|Any CPU
		{E3C0418C-BC68-40B8-B10C-CAFB692C622E}.Release|Any CPU.Build.0 = Release|Any CPU
		{208114C1-8010-4230-B13D-F88A9D40E1C4}.Debug|Any CPU.ActiveCfg = Debug|Any CPU
		{208114C1-8010-4230-B13D-F88A9D40E1C4}.Debug|Any CPU.Build.0 = Debug|Any CPU
		{208114C1-8010-4230-B13D-F88A9D40E1C4}.Release|Any CPU.ActiveCfg = Release|Any CPU
		{208114C1-8010-4230-B13D-F88A9D40E1C4}.Release|Any CPU.Build.0 = Release|Any CPU
	EndGlobalSection
	GlobalSection(SolutionProperties) = preSolution
		HideSolutionNode = FALSE
	EndGlobalSection
EndGlobal
