
Microsoft Visual Studio Solution File, Format Version 12.00
# Visual Studio 15
VisualStudioVersion = 15.0.28307.852
MinimumVisualStudioVersion = 10.0.40219.1
Project("{FAE04EC0-301F-11D3-BF4B-00C04F79EFBC}") = "StepBro.Core", "StepBro.Core.csproj", "{DDBC25E2-70D2-4C87-B936-1BF593C1B66E}"
EndProject
Project("{FAE04EC0-301F-11D3-BF4B-00C04F79EFBC}") = "StepBroCoreTest", "..\StepBroCoreTest\StepBroCoreTest.csproj", "{36B316D4-F4E7-4D75-977B-A2CFABC00CC5}"
EndProject
Project("{FAE04EC0-301F-11D3-BF4B-00C04F79EFBC}") = "LambdaExpressionPad", "..\LambdaExpressionPad\LambdaExpressionPad.csproj", "{33683A04-BF8F-4AFA-885B-63C205141437}"
EndProject
Project("{2150E333-8FDC-42A3-9474-1A3956D46DE8}") = "Modules", "Modules", "{BCD154EE-3D7B-4877-82DA-95665B640F29}"
EndProject
Project("{FAE04EC0-301F-11D3-BF4B-00C04F79EFBC}") = "StepBro.Process", "..\Modules\StepBro.Process\StepBro.Process.csproj", "{27D5443A-DC83-4FD3-8900-3ED7620ED471}"
EndProject
Project("{2150E333-8FDC-42A3-9474-1A3956D46DE8}") = "Test", "Test", "{2F835558-194F-47F1-B4EB-C4199D867982}"
EndProject
Project("{FAE04EC0-301F-11D3-BF4B-00C04F79EFBC}") = "ProcessModuleTest", "..\Modules\Test\ProcessModuleTest\ProcessModuleTest.csproj", "{291DBB43-2442-4423-8017-D199E29D8FE6}"
EndProject
Project("{FAE04EC0-301F-11D3-BF4B-00C04F79EFBC}") = "StepBro.CAN", "..\Modules\StepBro.CAN\StepBro.CAN.csproj", "{8011D5C3-552D-46E4-A116-D8EBED3B21D7}"
EndProject
Project("{2150E333-8FDC-42A3-9474-1A3956D46DE8}") = "Plugins", "Plugins", "{2787A83C-608A-4F83-8F77-068F79730517}"
EndProject
Project("{FAE04EC0-301F-11D3-BF4B-00C04F79EFBC}") = "StepBro.PeakCANPlugin", "..\Plugins\StepBro.PeakCANPlugin\StepBro.PeakCANPlugin.csproj", "{A85AC535-0EFE-41F4-A1C8-DD6F925CEA07}"
EndProject
Project("{FAE04EC0-301F-11D3-BF4B-00C04F79EFBC}") = "StepBro.TestInterface", "..\Modules\StepBro.TestInterface\StepBro.TestInterface.csproj", "{30EF33A6-DCA6-471F-BA08-76684B7D69A2}"
EndProject
Project("{FAE04EC0-301F-11D3-BF4B-00C04F79EFBC}") = "TestModule", "..\Modules\TestModule\TestModule.csproj", "{DF6C0813-5679-412A-AC0C-AC4295C071F3}"
EndProject
Project("{FAE04EC0-301F-11D3-BF4B-00C04F79EFBC}") = "stepbro", "..\stepbro\stepbro.csproj", "{B018FF47-0DFD-4903-92C2-CE6DC37A75DB}"
EndProject
Project("{FAE04EC0-301F-11D3-BF4B-00C04F79EFBC}") = "StepBro.Workbench", "..\StepBro.Workbench\StepBro.Workbench.csproj", "{B37FD33C-0BB9-49FF-9380-9F73E1D437BE}"
EndProject
Project("{2150E333-8FDC-42A3-9474-1A3956D46DE8}") = "Test", "Test", "{CB01B15D-D62B-4CFD-BF53-4B590D21F4A9}"
EndProject
Project("{FAE04EC0-301F-11D3-BF4B-00C04F79EFBC}") = "TestPeakCANPlugin", "..\Plugins\Test\TestPeakCANPlugin\TestPeakCANPlugin.csproj", "{FCC6F185-70A9-499E-94FE-FF8589B3C84C}"
EndProject
Project("{FAE04EC0-301F-11D3-BF4B-00C04F79EFBC}") = "ModuleTestSupport", "..\ModuleTestSupport\ModuleTestSupport.csproj", "{143CF658-D0FD-4A46-8261-0D6CDE4662D2}"
EndProject
Project("{FAE04EC0-301F-11D3-BF4B-00C04F79EFBC}") = "StepBro.Streams", "..\Modules\StepBro.Streams\StepBro.Streams.csproj", "{61FFD78C-8E68-4F63-BC1A-3FF59FB8F938}"
EndProject
Project("{FAE04EC0-301F-11D3-BF4B-00C04F79EFBC}") = "StepBroModulesTest", "..\Modules\Test\StepBroModulesTest\StepBroModulesTest.csproj", "{A15031D6-309B-41C2-9086-FF7ED644BEA7}"
EndProject
Project("{2150E333-8FDC-42A3-9474-1A3956D46DE8}") = "ThirdParty", "ThirdParty", "{C6377747-7D08-46A2-B858-CCD61DF4A049}"
EndProject
Project("{FAE04EC0-301F-11D3-BF4B-00C04F79EFBC}") = "FastColoredTextBox", "..\ThirdParty\FastColoredTextBox\FastColoredTextBox.csproj", "{6DD14A85-CCFC-4774-BD26-0F5772512319}"
EndProject
Project("{FAE04EC0-301F-11D3-BF4B-00C04F79EFBC}") = "StepBro.Workbench.WPF", "..\StepBro.Workbench.WPF\StepBro.Workbench.WPF.csproj", "{0E611B5E-94F9-4BDB-8522-D018D014BB4A}"
EndProject
Project("{FAE04EC0-301F-11D3-BF4B-00C04F79EFBC}") = "StepBroPerformanceMeasurement", "..\StepBroPerformanceMeasurement\StepBroPerformanceMeasurement.csproj", "{13896BE4-6421-4887-841A-3829F48F9805}"
EndProject
Project("{FAE04EC0-301F-11D3-BF4B-00C04F79EFBC}") = "SyntaxEditorTest", "..\SyntaxEditorTest\SyntaxEditorTest.csproj", "{43E546A8-205D-43D1-B93C-0EE294075066}"
EndProject
Global
	GlobalSection(SolutionConfigurationPlatforms) = preSolution
		Debug|Any CPU = Debug|Any CPU
		Debug|x64 = Debug|x64
		Debug|x86 = Debug|x86
		Release|Any CPU = Release|Any CPU
		Release|x64 = Release|x64
		Release|x86 = Release|x86
	EndGlobalSection
	GlobalSection(ProjectConfigurationPlatforms) = postSolution
		{DDBC25E2-70D2-4C87-B936-1BF593C1B66E}.Debug|Any CPU.ActiveCfg = Debug|Any CPU
		{DDBC25E2-70D2-4C87-B936-1BF593C1B66E}.Debug|Any CPU.Build.0 = Debug|Any CPU
		{DDBC25E2-70D2-4C87-B936-1BF593C1B66E}.Debug|x64.ActiveCfg = Debug|Any CPU
		{DDBC25E2-70D2-4C87-B936-1BF593C1B66E}.Debug|x64.Build.0 = Debug|Any CPU
		{DDBC25E2-70D2-4C87-B936-1BF593C1B66E}.Debug|x86.ActiveCfg = Debug|Any CPU
		{DDBC25E2-70D2-4C87-B936-1BF593C1B66E}.Debug|x86.Build.0 = Debug|Any CPU
		{DDBC25E2-70D2-4C87-B936-1BF593C1B66E}.Release|Any CPU.ActiveCfg = Release|Any CPU
		{DDBC25E2-70D2-4C87-B936-1BF593C1B66E}.Release|Any CPU.Build.0 = Release|Any CPU
		{DDBC25E2-70D2-4C87-B936-1BF593C1B66E}.Release|x64.ActiveCfg = Release|Any CPU
		{DDBC25E2-70D2-4C87-B936-1BF593C1B66E}.Release|x64.Build.0 = Release|Any CPU
		{DDBC25E2-70D2-4C87-B936-1BF593C1B66E}.Release|x86.ActiveCfg = Release|Any CPU
		{DDBC25E2-70D2-4C87-B936-1BF593C1B66E}.Release|x86.Build.0 = Release|Any CPU
		{36B316D4-F4E7-4D75-977B-A2CFABC00CC5}.Debug|Any CPU.ActiveCfg = Debug|Any CPU
		{36B316D4-F4E7-4D75-977B-A2CFABC00CC5}.Debug|Any CPU.Build.0 = Debug|Any CPU
		{36B316D4-F4E7-4D75-977B-A2CFABC00CC5}.Debug|x64.ActiveCfg = Debug|Any CPU
		{36B316D4-F4E7-4D75-977B-A2CFABC00CC5}.Debug|x64.Build.0 = Debug|Any CPU
		{36B316D4-F4E7-4D75-977B-A2CFABC00CC5}.Debug|x86.ActiveCfg = Debug|Any CPU
		{36B316D4-F4E7-4D75-977B-A2CFABC00CC5}.Debug|x86.Build.0 = Debug|Any CPU
		{36B316D4-F4E7-4D75-977B-A2CFABC00CC5}.Release|Any CPU.ActiveCfg = Release|Any CPU
		{36B316D4-F4E7-4D75-977B-A2CFABC00CC5}.Release|x64.ActiveCfg = Release|Any CPU
		{36B316D4-F4E7-4D75-977B-A2CFABC00CC5}.Release|x64.Build.0 = Release|Any CPU
		{36B316D4-F4E7-4D75-977B-A2CFABC00CC5}.Release|x86.ActiveCfg = Release|Any CPU
		{36B316D4-F4E7-4D75-977B-A2CFABC00CC5}.Release|x86.Build.0 = Release|Any CPU
		{33683A04-BF8F-4AFA-885B-63C205141437}.Debug|Any CPU.ActiveCfg = Debug|Any CPU
		{33683A04-BF8F-4AFA-885B-63C205141437}.Debug|Any CPU.Build.0 = Debug|Any CPU
		{33683A04-BF8F-4AFA-885B-63C205141437}.Debug|x64.ActiveCfg = Debug|Any CPU
		{33683A04-BF8F-4AFA-885B-63C205141437}.Debug|x64.Build.0 = Debug|Any CPU
		{33683A04-BF8F-4AFA-885B-63C205141437}.Debug|x86.ActiveCfg = Debug|Any CPU
		{33683A04-BF8F-4AFA-885B-63C205141437}.Debug|x86.Build.0 = Debug|Any CPU
		{33683A04-BF8F-4AFA-885B-63C205141437}.Release|Any CPU.ActiveCfg = Release|Any CPU
		{33683A04-BF8F-4AFA-885B-63C205141437}.Release|x64.ActiveCfg = Release|Any CPU
		{33683A04-BF8F-4AFA-885B-63C205141437}.Release|x64.Build.0 = Release|Any CPU
		{33683A04-BF8F-4AFA-885B-63C205141437}.Release|x86.ActiveCfg = Release|Any CPU
		{33683A04-BF8F-4AFA-885B-63C205141437}.Release|x86.Build.0 = Release|Any CPU
		{27D5443A-DC83-4FD3-8900-3ED7620ED471}.Debug|Any CPU.ActiveCfg = Debug|Any CPU
		{27D5443A-DC83-4FD3-8900-3ED7620ED471}.Debug|Any CPU.Build.0 = Debug|Any CPU
		{27D5443A-DC83-4FD3-8900-3ED7620ED471}.Debug|x64.ActiveCfg = Debug|Any CPU
		{27D5443A-DC83-4FD3-8900-3ED7620ED471}.Debug|x64.Build.0 = Debug|Any CPU
		{27D5443A-DC83-4FD3-8900-3ED7620ED471}.Debug|x86.ActiveCfg = Debug|Any CPU
		{27D5443A-DC83-4FD3-8900-3ED7620ED471}.Debug|x86.Build.0 = Debug|Any CPU
		{27D5443A-DC83-4FD3-8900-3ED7620ED471}.Release|Any CPU.ActiveCfg = Release|Any CPU
		{27D5443A-DC83-4FD3-8900-3ED7620ED471}.Release|Any CPU.Build.0 = Release|Any CPU
		{27D5443A-DC83-4FD3-8900-3ED7620ED471}.Release|x64.ActiveCfg = Release|Any CPU
		{27D5443A-DC83-4FD3-8900-3ED7620ED471}.Release|x64.Build.0 = Release|Any CPU
		{27D5443A-DC83-4FD3-8900-3ED7620ED471}.Release|x86.ActiveCfg = Release|Any CPU
		{27D5443A-DC83-4FD3-8900-3ED7620ED471}.Release|x86.Build.0 = Release|Any CPU
		{291DBB43-2442-4423-8017-D199E29D8FE6}.Debug|Any CPU.ActiveCfg = Debug|Any CPU
		{291DBB43-2442-4423-8017-D199E29D8FE6}.Debug|Any CPU.Build.0 = Debug|Any CPU
		{291DBB43-2442-4423-8017-D199E29D8FE6}.Debug|x64.ActiveCfg = Debug|Any CPU
		{291DBB43-2442-4423-8017-D199E29D8FE6}.Debug|x64.Build.0 = Debug|Any CPU
		{291DBB43-2442-4423-8017-D199E29D8FE6}.Debug|x86.ActiveCfg = Debug|Any CPU
		{291DBB43-2442-4423-8017-D199E29D8FE6}.Debug|x86.Build.0 = Debug|Any CPU
		{291DBB43-2442-4423-8017-D199E29D8FE6}.Release|Any CPU.ActiveCfg = Release|Any CPU
		{291DBB43-2442-4423-8017-D199E29D8FE6}.Release|Any CPU.Build.0 = Release|Any CPU
		{291DBB43-2442-4423-8017-D199E29D8FE6}.Release|x64.ActiveCfg = Release|Any CPU
		{291DBB43-2442-4423-8017-D199E29D8FE6}.Release|x64.Build.0 = Release|Any CPU
		{291DBB43-2442-4423-8017-D199E29D8FE6}.Release|x86.ActiveCfg = Release|Any CPU
		{291DBB43-2442-4423-8017-D199E29D8FE6}.Release|x86.Build.0 = Release|Any CPU
		{8011D5C3-552D-46E4-A116-D8EBED3B21D7}.Debug|Any CPU.ActiveCfg = Debug|Any CPU
		{8011D5C3-552D-46E4-A116-D8EBED3B21D7}.Debug|Any CPU.Build.0 = Debug|Any CPU
		{8011D5C3-552D-46E4-A116-D8EBED3B21D7}.Debug|x64.ActiveCfg = Debug|Any CPU
		{8011D5C3-552D-46E4-A116-D8EBED3B21D7}.Debug|x64.Build.0 = Debug|Any CPU
		{8011D5C3-552D-46E4-A116-D8EBED3B21D7}.Debug|x86.ActiveCfg = Debug|Any CPU
		{8011D5C3-552D-46E4-A116-D8EBED3B21D7}.Debug|x86.Build.0 = Debug|Any CPU
		{8011D5C3-552D-46E4-A116-D8EBED3B21D7}.Release|Any CPU.ActiveCfg = Release|Any CPU
		{8011D5C3-552D-46E4-A116-D8EBED3B21D7}.Release|Any CPU.Build.0 = Release|Any CPU
		{8011D5C3-552D-46E4-A116-D8EBED3B21D7}.Release|x64.ActiveCfg = Release|Any CPU
		{8011D5C3-552D-46E4-A116-D8EBED3B21D7}.Release|x64.Build.0 = Release|Any CPU
		{8011D5C3-552D-46E4-A116-D8EBED3B21D7}.Release|x86.ActiveCfg = Release|Any CPU
		{8011D5C3-552D-46E4-A116-D8EBED3B21D7}.Release|x86.Build.0 = Release|Any CPU
		{A85AC535-0EFE-41F4-A1C8-DD6F925CEA07}.Debug|Any CPU.ActiveCfg = Debug|Any CPU
		{A85AC535-0EFE-41F4-A1C8-DD6F925CEA07}.Debug|Any CPU.Build.0 = Debug|Any CPU
		{A85AC535-0EFE-41F4-A1C8-DD6F925CEA07}.Debug|x64.ActiveCfg = Debug|Any CPU
		{A85AC535-0EFE-41F4-A1C8-DD6F925CEA07}.Debug|x64.Build.0 = Debug|Any CPU
		{A85AC535-0EFE-41F4-A1C8-DD6F925CEA07}.Debug|x86.ActiveCfg = Debug|Any CPU
		{A85AC535-0EFE-41F4-A1C8-DD6F925CEA07}.Debug|x86.Build.0 = Debug|Any CPU
		{A85AC535-0EFE-41F4-A1C8-DD6F925CEA07}.Release|Any CPU.ActiveCfg = Release|Any CPU
		{A85AC535-0EFE-41F4-A1C8-DD6F925CEA07}.Release|Any CPU.Build.0 = Release|Any CPU
		{A85AC535-0EFE-41F4-A1C8-DD6F925CEA07}.Release|x64.ActiveCfg = Release|Any CPU
		{A85AC535-0EFE-41F4-A1C8-DD6F925CEA07}.Release|x64.Build.0 = Release|Any CPU
		{A85AC535-0EFE-41F4-A1C8-DD6F925CEA07}.Release|x86.ActiveCfg = Release|Any CPU
		{A85AC535-0EFE-41F4-A1C8-DD6F925CEA07}.Release|x86.Build.0 = Release|Any CPU
		{30EF33A6-DCA6-471F-BA08-76684B7D69A2}.Debug|Any CPU.ActiveCfg = Debug|Any CPU
		{30EF33A6-DCA6-471F-BA08-76684B7D69A2}.Debug|Any CPU.Build.0 = Debug|Any CPU
		{30EF33A6-DCA6-471F-BA08-76684B7D69A2}.Debug|x64.ActiveCfg = Debug|Any CPU
		{30EF33A6-DCA6-471F-BA08-76684B7D69A2}.Debug|x64.Build.0 = Debug|Any CPU
		{30EF33A6-DCA6-471F-BA08-76684B7D69A2}.Debug|x86.ActiveCfg = Debug|Any CPU
		{30EF33A6-DCA6-471F-BA08-76684B7D69A2}.Debug|x86.Build.0 = Debug|Any CPU
		{30EF33A6-DCA6-471F-BA08-76684B7D69A2}.Release|Any CPU.ActiveCfg = Release|Any CPU
		{30EF33A6-DCA6-471F-BA08-76684B7D69A2}.Release|Any CPU.Build.0 = Release|Any CPU
		{30EF33A6-DCA6-471F-BA08-76684B7D69A2}.Release|x64.ActiveCfg = Release|Any CPU
		{30EF33A6-DCA6-471F-BA08-76684B7D69A2}.Release|x64.Build.0 = Release|Any CPU
		{30EF33A6-DCA6-471F-BA08-76684B7D69A2}.Release|x86.ActiveCfg = Release|Any CPU
		{30EF33A6-DCA6-471F-BA08-76684B7D69A2}.Release|x86.Build.0 = Release|Any CPU
		{DF6C0813-5679-412A-AC0C-AC4295C071F3}.Debug|Any CPU.ActiveCfg = Debug|Any CPU
		{DF6C0813-5679-412A-AC0C-AC4295C071F3}.Debug|Any CPU.Build.0 = Debug|Any CPU
		{DF6C0813-5679-412A-AC0C-AC4295C071F3}.Debug|x64.ActiveCfg = Debug|Any CPU
		{DF6C0813-5679-412A-AC0C-AC4295C071F3}.Debug|x64.Build.0 = Debug|Any CPU
		{DF6C0813-5679-412A-AC0C-AC4295C071F3}.Debug|x86.ActiveCfg = Debug|Any CPU
		{DF6C0813-5679-412A-AC0C-AC4295C071F3}.Debug|x86.Build.0 = Debug|Any CPU
		{DF6C0813-5679-412A-AC0C-AC4295C071F3}.Release|Any CPU.ActiveCfg = Release|Any CPU
		{DF6C0813-5679-412A-AC0C-AC4295C071F3}.Release|Any CPU.Build.0 = Release|Any CPU
		{DF6C0813-5679-412A-AC0C-AC4295C071F3}.Release|x64.ActiveCfg = Release|Any CPU
		{DF6C0813-5679-412A-AC0C-AC4295C071F3}.Release|x64.Build.0 = Release|Any CPU
		{DF6C0813-5679-412A-AC0C-AC4295C071F3}.Release|x86.ActiveCfg = Release|Any CPU
		{DF6C0813-5679-412A-AC0C-AC4295C071F3}.Release|x86.Build.0 = Release|Any CPU
		{B018FF47-0DFD-4903-92C2-CE6DC37A75DB}.Debug|Any CPU.ActiveCfg = Debug|Any CPU
		{B018FF47-0DFD-4903-92C2-CE6DC37A75DB}.Debug|Any CPU.Build.0 = Debug|Any CPU
		{B018FF47-0DFD-4903-92C2-CE6DC37A75DB}.Debug|x64.ActiveCfg = Debug|Any CPU
		{B018FF47-0DFD-4903-92C2-CE6DC37A75DB}.Debug|x64.Build.0 = Debug|Any CPU
		{B018FF47-0DFD-4903-92C2-CE6DC37A75DB}.Debug|x86.ActiveCfg = Debug|Any CPU
		{B018FF47-0DFD-4903-92C2-CE6DC37A75DB}.Debug|x86.Build.0 = Debug|Any CPU
		{B018FF47-0DFD-4903-92C2-CE6DC37A75DB}.Release|Any CPU.ActiveCfg = Release|Any CPU
		{B018FF47-0DFD-4903-92C2-CE6DC37A75DB}.Release|Any CPU.Build.0 = Release|Any CPU
		{B018FF47-0DFD-4903-92C2-CE6DC37A75DB}.Release|x64.ActiveCfg = Release|Any CPU
		{B018FF47-0DFD-4903-92C2-CE6DC37A75DB}.Release|x64.Build.0 = Release|Any CPU
		{B018FF47-0DFD-4903-92C2-CE6DC37A75DB}.Release|x86.ActiveCfg = Release|Any CPU
		{B018FF47-0DFD-4903-92C2-CE6DC37A75DB}.Release|x86.Build.0 = Release|Any CPU
		{B37FD33C-0BB9-49FF-9380-9F73E1D437BE}.Debug|Any CPU.ActiveCfg = Debug|Any CPU
		{B37FD33C-0BB9-49FF-9380-9F73E1D437BE}.Debug|Any CPU.Build.0 = Debug|Any CPU
		{B37FD33C-0BB9-49FF-9380-9F73E1D437BE}.Debug|x64.ActiveCfg = Debug|Any CPU
		{B37FD33C-0BB9-49FF-9380-9F73E1D437BE}.Debug|x64.Build.0 = Debug|Any CPU
		{B37FD33C-0BB9-49FF-9380-9F73E1D437BE}.Debug|x86.ActiveCfg = Debug|Any CPU
		{B37FD33C-0BB9-49FF-9380-9F73E1D437BE}.Debug|x86.Build.0 = Debug|Any CPU
		{B37FD33C-0BB9-49FF-9380-9F73E1D437BE}.Release|Any CPU.ActiveCfg = Release|Any CPU
		{B37FD33C-0BB9-49FF-9380-9F73E1D437BE}.Release|Any CPU.Build.0 = Release|Any CPU
		{B37FD33C-0BB9-49FF-9380-9F73E1D437BE}.Release|x64.ActiveCfg = Release|Any CPU
		{B37FD33C-0BB9-49FF-9380-9F73E1D437BE}.Release|x64.Build.0 = Release|Any CPU
		{B37FD33C-0BB9-49FF-9380-9F73E1D437BE}.Release|x86.ActiveCfg = Release|Any CPU
		{B37FD33C-0BB9-49FF-9380-9F73E1D437BE}.Release|x86.Build.0 = Release|Any CPU
		{FCC6F185-70A9-499E-94FE-FF8589B3C84C}.Debug|Any CPU.ActiveCfg = Debug|Any CPU
		{FCC6F185-70A9-499E-94FE-FF8589B3C84C}.Debug|x64.ActiveCfg = Debug|Any CPU
		{FCC6F185-70A9-499E-94FE-FF8589B3C84C}.Debug|x64.Build.0 = Debug|Any CPU
		{FCC6F185-70A9-499E-94FE-FF8589B3C84C}.Debug|x86.ActiveCfg = Debug|Any CPU
		{FCC6F185-70A9-499E-94FE-FF8589B3C84C}.Debug|x86.Build.0 = Debug|Any CPU
		{FCC6F185-70A9-499E-94FE-FF8589B3C84C}.Release|Any CPU.ActiveCfg = Release|Any CPU
		{FCC6F185-70A9-499E-94FE-FF8589B3C84C}.Release|x64.ActiveCfg = Release|Any CPU
		{FCC6F185-70A9-499E-94FE-FF8589B3C84C}.Release|x64.Build.0 = Release|Any CPU
		{FCC6F185-70A9-499E-94FE-FF8589B3C84C}.Release|x86.ActiveCfg = Release|Any CPU
		{FCC6F185-70A9-499E-94FE-FF8589B3C84C}.Release|x86.Build.0 = Release|Any CPU
		{143CF658-D0FD-4A46-8261-0D6CDE4662D2}.Debug|Any CPU.ActiveCfg = Debug|Any CPU
		{143CF658-D0FD-4A46-8261-0D6CDE4662D2}.Debug|Any CPU.Build.0 = Debug|Any CPU
		{143CF658-D0FD-4A46-8261-0D6CDE4662D2}.Debug|x64.ActiveCfg = Debug|Any CPU
		{143CF658-D0FD-4A46-8261-0D6CDE4662D2}.Debug|x64.Build.0 = Debug|Any CPU
		{143CF658-D0FD-4A46-8261-0D6CDE4662D2}.Debug|x86.ActiveCfg = Debug|Any CPU
		{143CF658-D0FD-4A46-8261-0D6CDE4662D2}.Debug|x86.Build.0 = Debug|Any CPU
		{143CF658-D0FD-4A46-8261-0D6CDE4662D2}.Release|Any CPU.ActiveCfg = Release|Any CPU
		{143CF658-D0FD-4A46-8261-0D6CDE4662D2}.Release|Any CPU.Build.0 = Release|Any CPU
		{143CF658-D0FD-4A46-8261-0D6CDE4662D2}.Release|x64.ActiveCfg = Release|Any CPU
		{143CF658-D0FD-4A46-8261-0D6CDE4662D2}.Release|x64.Build.0 = Release|Any CPU
		{143CF658-D0FD-4A46-8261-0D6CDE4662D2}.Release|x86.ActiveCfg = Release|Any CPU
		{143CF658-D0FD-4A46-8261-0D6CDE4662D2}.Release|x86.Build.0 = Release|Any CPU
		{61FFD78C-8E68-4F63-BC1A-3FF59FB8F938}.Debug|Any CPU.ActiveCfg = Debug|Any CPU
		{61FFD78C-8E68-4F63-BC1A-3FF59FB8F938}.Debug|Any CPU.Build.0 = Debug|Any CPU
		{61FFD78C-8E68-4F63-BC1A-3FF59FB8F938}.Debug|x64.ActiveCfg = Debug|Any CPU
		{61FFD78C-8E68-4F63-BC1A-3FF59FB8F938}.Debug|x64.Build.0 = Debug|Any CPU
		{61FFD78C-8E68-4F63-BC1A-3FF59FB8F938}.Debug|x86.ActiveCfg = Debug|Any CPU
		{61FFD78C-8E68-4F63-BC1A-3FF59FB8F938}.Debug|x86.Build.0 = Debug|Any CPU
		{61FFD78C-8E68-4F63-BC1A-3FF59FB8F938}.Release|Any CPU.ActiveCfg = Release|Any CPU
		{61FFD78C-8E68-4F63-BC1A-3FF59FB8F938}.Release|Any CPU.Build.0 = Release|Any CPU
		{61FFD78C-8E68-4F63-BC1A-3FF59FB8F938}.Release|x64.ActiveCfg = Release|Any CPU
		{61FFD78C-8E68-4F63-BC1A-3FF59FB8F938}.Release|x64.Build.0 = Release|Any CPU
		{61FFD78C-8E68-4F63-BC1A-3FF59FB8F938}.Release|x86.ActiveCfg = Release|Any CPU
		{61FFD78C-8E68-4F63-BC1A-3FF59FB8F938}.Release|x86.Build.0 = Release|Any CPU
		{A15031D6-309B-41C2-9086-FF7ED644BEA7}.Debug|Any CPU.ActiveCfg = Debug|Any CPU
		{A15031D6-309B-41C2-9086-FF7ED644BEA7}.Debug|Any CPU.Build.0 = Debug|Any CPU
		{A15031D6-309B-41C2-9086-FF7ED644BEA7}.Debug|x64.ActiveCfg = Debug|Any CPU
		{A15031D6-309B-41C2-9086-FF7ED644BEA7}.Debug|x64.Build.0 = Debug|Any CPU
		{A15031D6-309B-41C2-9086-FF7ED644BEA7}.Debug|x86.ActiveCfg = Debug|Any CPU
		{A15031D6-309B-41C2-9086-FF7ED644BEA7}.Debug|x86.Build.0 = Debug|Any CPU
		{A15031D6-309B-41C2-9086-FF7ED644BEA7}.Release|Any CPU.ActiveCfg = Release|Any CPU
		{A15031D6-309B-41C2-9086-FF7ED644BEA7}.Release|x64.ActiveCfg = Release|Any CPU
		{A15031D6-309B-41C2-9086-FF7ED644BEA7}.Release|x64.Build.0 = Release|Any CPU
		{A15031D6-309B-41C2-9086-FF7ED644BEA7}.Release|x86.ActiveCfg = Release|Any CPU
		{A15031D6-309B-41C2-9086-FF7ED644BEA7}.Release|x86.Build.0 = Release|Any CPU
		{6DD14A85-CCFC-4774-BD26-0F5772512319}.Debug|Any CPU.ActiveCfg = Debug|Any CPU
		{6DD14A85-CCFC-4774-BD26-0F5772512319}.Debug|Any CPU.Build.0 = Debug|Any CPU
		{6DD14A85-CCFC-4774-BD26-0F5772512319}.Debug|x64.ActiveCfg = Debug|Any CPU
		{6DD14A85-CCFC-4774-BD26-0F5772512319}.Debug|x64.Build.0 = Debug|Any CPU
		{6DD14A85-CCFC-4774-BD26-0F5772512319}.Debug|x86.ActiveCfg = Debug|Any CPU
		{6DD14A85-CCFC-4774-BD26-0F5772512319}.Debug|x86.Build.0 = Debug|Any CPU
		{6DD14A85-CCFC-4774-BD26-0F5772512319}.Release|Any CPU.ActiveCfg = Release|Any CPU
		{6DD14A85-CCFC-4774-BD26-0F5772512319}.Release|Any CPU.Build.0 = Release|Any CPU
		{6DD14A85-CCFC-4774-BD26-0F5772512319}.Release|x64.ActiveCfg = Release|Any CPU
		{6DD14A85-CCFC-4774-BD26-0F5772512319}.Release|x64.Build.0 = Release|Any CPU
		{6DD14A85-CCFC-4774-BD26-0F5772512319}.Release|x86.ActiveCfg = Release|Any CPU
		{6DD14A85-CCFC-4774-BD26-0F5772512319}.Release|x86.Build.0 = Release|Any CPU
		{0E611B5E-94F9-4BDB-8522-D018D014BB4A}.Debug|Any CPU.ActiveCfg = Debug|Any CPU
		{0E611B5E-94F9-4BDB-8522-D018D014BB4A}.Debug|Any CPU.Build.0 = Debug|Any CPU
		{0E611B5E-94F9-4BDB-8522-D018D014BB4A}.Debug|x64.ActiveCfg = Debug|Any CPU
		{0E611B5E-94F9-4BDB-8522-D018D014BB4A}.Debug|x64.Build.0 = Debug|Any CPU
		{0E611B5E-94F9-4BDB-8522-D018D014BB4A}.Debug|x86.ActiveCfg = Debug|Any CPU
		{0E611B5E-94F9-4BDB-8522-D018D014BB4A}.Debug|x86.Build.0 = Debug|Any CPU
		{0E611B5E-94F9-4BDB-8522-D018D014BB4A}.Release|Any CPU.ActiveCfg = Release|Any CPU
		{0E611B5E-94F9-4BDB-8522-D018D014BB4A}.Release|x64.ActiveCfg = Release|Any CPU
		{0E611B5E-94F9-4BDB-8522-D018D014BB4A}.Release|x64.Build.0 = Release|Any CPU
		{0E611B5E-94F9-4BDB-8522-D018D014BB4A}.Release|x86.ActiveCfg = Release|Any CPU
		{0E611B5E-94F9-4BDB-8522-D018D014BB4A}.Release|x86.Build.0 = Release|Any CPU
		{13896BE4-6421-4887-841A-3829F48F9805}.Debug|Any CPU.ActiveCfg = Debug|Any CPU
		{13896BE4-6421-4887-841A-3829F48F9805}.Debug|Any CPU.Build.0 = Debug|Any CPU
		{13896BE4-6421-4887-841A-3829F48F9805}.Debug|x64.ActiveCfg = Debug|Any CPU
		{13896BE4-6421-4887-841A-3829F48F9805}.Debug|x64.Build.0 = Debug|Any CPU
		{13896BE4-6421-4887-841A-3829F48F9805}.Debug|x86.ActiveCfg = Debug|Any CPU
		{13896BE4-6421-4887-841A-3829F48F9805}.Debug|x86.Build.0 = Debug|Any CPU
		{13896BE4-6421-4887-841A-3829F48F9805}.Release|Any CPU.ActiveCfg = Release|Any CPU
		{13896BE4-6421-4887-841A-3829F48F9805}.Release|Any CPU.Build.0 = Release|Any CPU
		{13896BE4-6421-4887-841A-3829F48F9805}.Release|x64.ActiveCfg = Release|Any CPU
		{13896BE4-6421-4887-841A-3829F48F9805}.Release|x64.Build.0 = Release|Any CPU
		{13896BE4-6421-4887-841A-3829F48F9805}.Release|x86.ActiveCfg = Release|Any CPU
		{13896BE4-6421-4887-841A-3829F48F9805}.Release|x86.Build.0 = Release|Any CPU
		{43E546A8-205D-43D1-B93C-0EE294075066}.Debug|Any CPU.ActiveCfg = Debug|Any CPU
		{43E546A8-205D-43D1-B93C-0EE294075066}.Debug|Any CPU.Build.0 = Debug|Any CPU
		{43E546A8-205D-43D1-B93C-0EE294075066}.Debug|x64.ActiveCfg = Debug|Any CPU
		{43E546A8-205D-43D1-B93C-0EE294075066}.Debug|x64.Build.0 = Debug|Any CPU
		{43E546A8-205D-43D1-B93C-0EE294075066}.Debug|x86.ActiveCfg = Debug|Any CPU
		{43E546A8-205D-43D1-B93C-0EE294075066}.Debug|x86.Build.0 = Debug|Any CPU
		{43E546A8-205D-43D1-B93C-0EE294075066}.Release|Any CPU.ActiveCfg = Release|Any CPU
		{43E546A8-205D-43D1-B93C-0EE294075066}.Release|Any CPU.Build.0 = Release|Any CPU
		{43E546A8-205D-43D1-B93C-0EE294075066}.Release|x64.ActiveCfg = Release|Any CPU
		{43E546A8-205D-43D1-B93C-0EE294075066}.Release|x64.Build.0 = Release|Any CPU
		{43E546A8-205D-43D1-B93C-0EE294075066}.Release|x86.ActiveCfg = Release|Any CPU
		{43E546A8-205D-43D1-B93C-0EE294075066}.Release|x86.Build.0 = Release|Any CPU
	EndGlobalSection
	GlobalSection(SolutionProperties) = preSolution
		HideSolutionNode = FALSE
	EndGlobalSection
	GlobalSection(NestedProjects) = preSolution
		{27D5443A-DC83-4FD3-8900-3ED7620ED471} = {BCD154EE-3D7B-4877-82DA-95665B640F29}
		{2F835558-194F-47F1-B4EB-C4199D867982} = {BCD154EE-3D7B-4877-82DA-95665B640F29}
		{291DBB43-2442-4423-8017-D199E29D8FE6} = {2F835558-194F-47F1-B4EB-C4199D867982}
		{8011D5C3-552D-46E4-A116-D8EBED3B21D7} = {BCD154EE-3D7B-4877-82DA-95665B640F29}
		{A85AC535-0EFE-41F4-A1C8-DD6F925CEA07} = {2787A83C-608A-4F83-8F77-068F79730517}
		{30EF33A6-DCA6-471F-BA08-76684B7D69A2} = {BCD154EE-3D7B-4877-82DA-95665B640F29}
		{DF6C0813-5679-412A-AC0C-AC4295C071F3} = {BCD154EE-3D7B-4877-82DA-95665B640F29}
		{CB01B15D-D62B-4CFD-BF53-4B590D21F4A9} = {2787A83C-608A-4F83-8F77-068F79730517}
		{FCC6F185-70A9-499E-94FE-FF8589B3C84C} = {CB01B15D-D62B-4CFD-BF53-4B590D21F4A9}
		{61FFD78C-8E68-4F63-BC1A-3FF59FB8F938} = {BCD154EE-3D7B-4877-82DA-95665B640F29}
		{A15031D6-309B-41C2-9086-FF7ED644BEA7} = {2F835558-194F-47F1-B4EB-C4199D867982}
		{6DD14A85-CCFC-4774-BD26-0F5772512319} = {C6377747-7D08-46A2-B858-CCD61DF4A049}
	EndGlobalSection
	GlobalSection(ExtensibilityGlobals) = postSolution
		SolutionGuid = {09CAAC71-F549-4666-A169-F1F4F4366BB3}
	EndGlobalSection
EndGlobal
