
Microsoft Visual Studio Solution File, Format Version 12.00
# Visual Studio Version 16
VisualStudioVersion = 16.0.32126.315
MinimumVisualStudioVersion = 10.0.40219.1
Project("{FAE04EC0-301F-11D3-BF4B-00C04F79EFBC}") = "LambdaExpressionPad", "LambdaExpressionPad.csproj", "{33683A04-BF8F-4AFA-885B-63C205141437}"
EndProject
Global
	GlobalSection(SolutionConfigurationPlatforms) = preSolution
		Debug|Any CPU = Debug|Any CPU
		Release|Any CPU = Release|Any CPU
	EndGlobalSection
	GlobalSection(ProjectConfigurationPlatforms) = postSolution
		{33683A04-BF8F-4AFA-885B-63C205141437}.Debug|Any CPU.ActiveCfg = Debug|Any CPU
		{33683A04-BF8F-4AFA-885B-63C205141437}.Debug|Any CPU.Build.0 = Debug|Any CPU
		{33683A04-BF8F-4AFA-885B-63C205141437}.Release|Any CPU.ActiveCfg = Release|Any CPU
		{33683A04-BF8F-4AFA-885B-63C205141437}.Release|Any CPU.Build.0 = Release|Any CPU
	EndGlobalSection
	GlobalSection(SolutionProperties) = preSolution
		HideSolutionNode = FALSE
	EndGlobalSection
	GlobalSection(ExtensibilityGlobals) = postSolution
		SolutionGuid = {37C6A528-8A32-4E25-88C1-016E27B2EB86}
	EndGlobalSection
EndGlobal
