
Microsoft Visual Studio Solution File, Format Version 12.00
# Visual Studio Version 16
VisualStudioVersion = 16.0.30804.86
MinimumVisualStudioVersion = 10.0.40219.1
Project("{9A19103F-16F7-4668-BE54-9A1E7A4F7556}") = "StepBro.Workbench.WPF5", "StepBro.Workbench.WPF\StepBro.Workbench.WPF5.csproj", "{03E75F69-A412-43A1-8648-C03B8A89C576}"
EndProject
Project("{9A19103F-16F7-4668-BE54-9A1E7A4F7556}") = "StepBro.Core5", "StepBro.Core\StepBro.Core5.csproj", "{F56B9BC1-0F9A-4BEB-A1EF-434F5E58C806}"
EndProject
Project("{9A19103F-16F7-4668-BE54-9A1E7A4F7556}") = "StepBro.UI", "StepBro.UI\StepBro.UI.csproj", "{1D359938-3B72-4825-84CF-E280F0A67DF0}"
EndProject
Project("{9A19103F-16F7-4668-BE54-9A1E7A4F7556}") = "StepBro.Core.Test5", "Test\StepBro.Core.Test\StepBro.Core.Test5.csproj", "{D7723EF6-788F-4BD3-B513-7B7A9135FADA}"
EndProject
Project("{2150E333-8FDC-42A3-9474-1A3956D46DE8}") = "Modules", "Modules", "{9F79D088-ED45-49F3-A994-D6C8ECF0FE88}"
EndProject
Project("{9A19103F-16F7-4668-BE54-9A1E7A4F7556}") = "TestModule5", "Modules\TestModule\TestModule5.csproj", "{F7954DB2-7E18-483E-9B5E-0D1C73F9DE87}"
EndProject
Project("{9A19103F-16F7-4668-BE54-9A1E7A4F7556}") = "StepBro.Workbench.Test5", "Test\StepBro.Workbench.Test\StepBro.Workbench.Test5.csproj", "{7D713809-DEF1-4C10-8D3B-B8D74BEB6239}"
EndProject
Project("{9A19103F-16F7-4668-BE54-9A1E7A4F7556}") = "StepBro.UI.UnitTest", "Test\StepBro.UI.UnitTest\StepBro.UI.UnitTest.csproj", "{00F39434-8386-4B99-A40D-471620628054}"
EndProject
Project("{9A19103F-16F7-4668-BE54-9A1E7A4F7556}") = "StepBro.TestInterface5", "Modules\StepBro.TestInterface\StepBro.TestInterface5.csproj", "{FB23502D-0078-451C-A8F9-2721DAE7B7B3}"
EndProject
Project("{9A19103F-16F7-4668-BE54-9A1E7A4F7556}") = "StepBro.TestInterface.UI", "Modules\StepBro.TestInterface.UI\StepBro.TestInterface.UI.csproj", "{93E2A83A-9802-446A-9437-DC68C602A5C8}"
EndProject
Project("{9A19103F-16F7-4668-BE54-9A1E7A4F7556}") = "StepBro.Streams", "Modules\StepBro.Streams\StepBro.Streams.csproj", "{150ED092-9E6F-45A0-B22C-04D2F019BB9A}"
EndProject
Global
	GlobalSection(SolutionConfigurationPlatforms) = preSolution
		Debug|Any CPU = Debug|Any CPU
		Release|Any CPU = Release|Any CPU
	EndGlobalSection
	GlobalSection(ProjectConfigurationPlatforms) = postSolution
		{03E75F69-A412-43A1-8648-C03B8A89C576}.Debug|Any CPU.ActiveCfg = Debug|Any CPU
		{03E75F69-A412-43A1-8648-C03B8A89C576}.Debug|Any CPU.Build.0 = Debug|Any CPU
		{03E75F69-A412-43A1-8648-C03B8A89C576}.Release|Any CPU.ActiveCfg = Release|Any CPU
		{03E75F69-A412-43A1-8648-C03B8A89C576}.Release|Any CPU.Build.0 = Release|Any CPU
		{F56B9BC1-0F9A-4BEB-A1EF-434F5E58C806}.Debug|Any CPU.ActiveCfg = Debug|Any CPU
		{F56B9BC1-0F9A-4BEB-A1EF-434F5E58C806}.Debug|Any CPU.Build.0 = Debug|Any CPU
		{F56B9BC1-0F9A-4BEB-A1EF-434F5E58C806}.Release|Any CPU.ActiveCfg = Release|Any CPU
		{F56B9BC1-0F9A-4BEB-A1EF-434F5E58C806}.Release|Any CPU.Build.0 = Release|Any CPU
		{1D359938-3B72-4825-84CF-E280F0A67DF0}.Debug|Any CPU.ActiveCfg = Debug|Any CPU
		{1D359938-3B72-4825-84CF-E280F0A67DF0}.Debug|Any CPU.Build.0 = Debug|Any CPU
		{1D359938-3B72-4825-84CF-E280F0A67DF0}.Release|Any CPU.ActiveCfg = Release|Any CPU
		{1D359938-3B72-4825-84CF-E280F0A67DF0}.Release|Any CPU.Build.0 = Release|Any CPU
		{D7723EF6-788F-4BD3-B513-7B7A9135FADA}.Debug|Any CPU.ActiveCfg = Debug|Any CPU
		{D7723EF6-788F-4BD3-B513-7B7A9135FADA}.Debug|Any CPU.Build.0 = Debug|Any CPU
		{D7723EF6-788F-4BD3-B513-7B7A9135FADA}.Release|Any CPU.ActiveCfg = Release|Any CPU
		{F7954DB2-7E18-483E-9B5E-0D1C73F9DE87}.Debug|Any CPU.ActiveCfg = Debug|Any CPU
		{F7954DB2-7E18-483E-9B5E-0D1C73F9DE87}.Debug|Any CPU.Build.0 = Debug|Any CPU
		{F7954DB2-7E18-483E-9B5E-0D1C73F9DE87}.Release|Any CPU.ActiveCfg = Release|Any CPU
		{7D713809-DEF1-4C10-8D3B-B8D74BEB6239}.Debug|Any CPU.ActiveCfg = Debug|Any CPU
		{7D713809-DEF1-4C10-8D3B-B8D74BEB6239}.Debug|Any CPU.Build.0 = Debug|Any CPU
		{7D713809-DEF1-4C10-8D3B-B8D74BEB6239}.Release|Any CPU.ActiveCfg = Release|Any CPU
		{00F39434-8386-4B99-A40D-471620628054}.Debug|Any CPU.ActiveCfg = Debug|Any CPU
		{00F39434-8386-4B99-A40D-471620628054}.Debug|Any CPU.Build.0 = Debug|Any CPU
		{00F39434-8386-4B99-A40D-471620628054}.Release|Any CPU.ActiveCfg = Release|Any CPU
		{FB23502D-0078-451C-A8F9-2721DAE7B7B3}.Debug|Any CPU.ActiveCfg = Debug|Any CPU
		{FB23502D-0078-451C-A8F9-2721DAE7B7B3}.Debug|Any CPU.Build.0 = Debug|Any CPU
		{FB23502D-0078-451C-A8F9-2721DAE7B7B3}.Release|Any CPU.ActiveCfg = Release|Any CPU
		{FB23502D-0078-451C-A8F9-2721DAE7B7B3}.Release|Any CPU.Build.0 = Release|Any CPU
		{93E2A83A-9802-446A-9437-DC68C602A5C8}.Debug|Any CPU.ActiveCfg = Debug|Any CPU
		{93E2A83A-9802-446A-9437-DC68C602A5C8}.Debug|Any CPU.Build.0 = Debug|Any CPU
		{93E2A83A-9802-446A-9437-DC68C602A5C8}.Release|Any CPU.ActiveCfg = Release|Any CPU
		{93E2A83A-9802-446A-9437-DC68C602A5C8}.Release|Any CPU.Build.0 = Release|Any CPU
		{150ED092-9E6F-45A0-B22C-04D2F019BB9A}.Debug|Any CPU.ActiveCfg = Debug|Any CPU
		{150ED092-9E6F-45A0-B22C-04D2F019BB9A}.Debug|Any CPU.Build.0 = Debug|Any CPU
		{150ED092-9E6F-45A0-B22C-04D2F019BB9A}.Release|Any CPU.ActiveCfg = Release|Any CPU
		{150ED092-9E6F-45A0-B22C-04D2F019BB9A}.Release|Any CPU.Build.0 = Release|Any CPU
	EndGlobalSection
	GlobalSection(SolutionProperties) = preSolution
		HideSolutionNode = FALSE
	EndGlobalSection
	GlobalSection(NestedProjects) = preSolution
		{F7954DB2-7E18-483E-9B5E-0D1C73F9DE87} = {9F79D088-ED45-49F3-A994-D6C8ECF0FE88}
		{FB23502D-0078-451C-A8F9-2721DAE7B7B3} = {9F79D088-ED45-49F3-A994-D6C8ECF0FE88}
		{93E2A83A-9802-446A-9437-DC68C602A5C8} = {9F79D088-ED45-49F3-A994-D6C8ECF0FE88}
		{150ED092-9E6F-45A0-B22C-04D2F019BB9A} = {9F79D088-ED45-49F3-A994-D6C8ECF0FE88}
	EndGlobalSection
	GlobalSection(ExtensibilityGlobals) = postSolution
		SolutionGuid = {2684A99E-8352-4250-AFE9-C724A535A6A8}
	EndGlobalSection
EndGlobal
