
Microsoft Visual Studio Solution File, Format Version 12.00
# Visual Studio Version 17
VisualStudioVersion = 17.6.33829.357
MinimumVisualStudioVersion = 10.0.40219.1
Project("{FAE04EC0-301F-11D3-BF4B-00C04F79EFBC}") = "StepBroCreateProfilingScripts", "StepBroCreateProfilingScripts.csproj", "{2F65450C-03F1-4CA4-B0C3-91CFE20FE88A}"
EndProject
Global
	GlobalSection(SolutionConfigurationPlatforms) = preSolution
		Debug|Any CPU = Debug|Any CPU
		Release|Any CPU = Release|Any CPU
	EndGlobalSection
	GlobalSection(ProjectConfigurationPlatforms) = postSolution
		{2F65450C-03F1-4CA4-B0C3-91CFE20FE88A}.Debug|Any CPU.ActiveCfg = Debug|Any CPU
		{2F65450C-03F1-4CA4-B0C3-91CFE20FE88A}.Debug|Any CPU.Build.0 = Debug|Any CPU
		{2F65450C-03F1-4CA4-B0C3-91CFE20FE88A}.Release|Any CPU.ActiveCfg = Release|Any CPU
		{2F65450C-03F1-4CA4-B0C3-91CFE20FE88A}.Release|Any CPU.Build.0 = Release|Any CPU
	EndGlobalSection
	GlobalSection(SolutionProperties) = preSolution
		HideSolutionNode = FALSE
	EndGlobalSection
	GlobalSection(ExtensibilityGlobals) = postSolution
		SolutionGuid = {B892B1A1-6AD0-4558-B29E-93DCE4489FEB}
	EndGlobalSection
EndGlobal
